
Microsoft Visual Studio Solution File, Format Version 12.00
# Visual Studio 2013
VisualStudioVersion = 12.0.31101.0
MinimumVisualStudioVersion = 10.0.40219.1
Project("{8BC9CEB8-8B4A-11D0-8D11-00A0C91BC942}") = "kos-kernel", "kernel\kos-kernel.vcxproj", "{86D226C5-EF62-4562-AC06-E6A753DFA7CF}"
	ProjectSection(ProjectDependencies) = postProject
		{56225502-7CD8-4090-B4EF-3561F270CA7E} = {56225502-7CD8-4090-B4EF-3561F270CA7E}
	EndProjectSection
EndProject
Project("{2150E333-8FDC-42A3-9474-1A3956D46DE8}") = "include", "include", "{EA6EEC02-606F-4004-8FB6-DBFA474B9157}"
	ProjectSection(SolutionItems) = preProject
		..\include\__amalloc.h = ..\include\__amalloc.h
		..\include\__malldefs.h = ..\include\__malldefs.h
		..\include\__stdcxx.h = ..\include\__stdcxx.h
		..\include\__stdinc.h = ..\include\__stdinc.h
		..\include\alloca.h = ..\include\alloca.h
		..\include\assert.h = ..\include\assert.h
		..\include\atomic = ..\include\atomic
		..\include\byteswap.h = ..\include\byteswap.h
		..\include\ConcurrencySal.h = ..\include\ConcurrencySal.h
		..\include\ctype.h = ..\include\ctype.h
		..\include\direct.h = ..\include\direct.h
		..\include\dirent.h = ..\include\dirent.h
		..\include\dlfcn.h = ..\include\dlfcn.h
		..\include\dos.h = ..\include\dos.h
		..\include\elf.h = ..\include\elf.h
		..\include\endian.h = ..\include\endian.h
		..\include\err.h = ..\include\err.h
		..\include\errno.h = ..\include\errno.h
		..\include\error.h = ..\include\error.h
		..\include\exception = ..\include\exception
		..\include\fcntl.h = ..\include\fcntl.h
		..\include\features.h = ..\include\features.h
		..\include\float.h = ..\include\float.h
		..\include\fnmatch.h = ..\include\fnmatch.h
		..\include\format-printer.h = ..\include\format-printer.h
		..\include\getopt.h = ..\include\getopt.h
		..\include\grp.h = ..\include\grp.h
		..\include\inttypes.h = ..\include\inttypes.h
		..\include\io.h = ..\include\io.h
		..\include\langinfo.h = ..\include\langinfo.h
		..\include\libgen.h = ..\include\libgen.h
		..\include\limits.h = ..\include\limits.h
		..\include\locale.h = ..\include\locale.h
		..\include\malloc.h = ..\include\malloc.h
		..\include\math.h = ..\include\math.h
		..\include\mntent.h = ..\include\mntent.h
		..\include\netdb.h = ..\include\netdb.h
		..\include\new = ..\include\new
		..\include\nl_types.h = ..\include\nl_types.h
		..\include\paths.h = ..\include\paths.h
		..\include\process.h = ..\include\process.h
		..\include\pthread.h = ..\include\pthread.h
		..\include\pty.h = ..\include\pty.h
		..\include\pwd.h = ..\include\pwd.h
		..\include\regex.h = ..\include\regex.h
		..\include\sal.h = ..\include\sal.h
		..\include\sched.h = ..\include\sched.h
		..\include\setjmp.h = ..\include\setjmp.h
		..\include\signal.h = ..\include\signal.h
		..\include\stdarg.h = ..\include\stdarg.h
		..\include\stddef.h = ..\include\stddef.h
		..\include\stdint.h = ..\include\stdint.h
		..\include\stdio.h = ..\include\stdio.h
		..\include\stdlib.h = ..\include\stdlib.h
		..\include\string.h = ..\include\string.h
		..\include\strings.h = ..\include\strings.h
		..\include\syslog.h = ..\include\syslog.h
		..\include\termio.h = ..\include\termio.h
		..\include\termios.h = ..\include\termios.h
		..\include\time.h = ..\include\time.h
		..\include\type_traits = ..\include\type_traits
		..\include\uchar.h = ..\include\uchar.h
		..\include\unicode.h = ..\include\unicode.h
		..\include\unistd.h = ..\include\unistd.h
		..\include\utime.h = ..\include\utime.h
		..\include\vadefs.h = ..\include\vadefs.h
		..\include\values.h = ..\include\values.h
		..\include\wchar.h = ..\include\wchar.h
		..\include\wctype.h = ..\include\wctype.h
		..\include\xlocale.h = ..\include\xlocale.h
	EndProjectSection
EndProject
Project("{2150E333-8FDC-42A3-9474-1A3956D46DE8}") = "libs", "libs", "{8C9AB07B-15FA-46B5-B7CC-364910789270}"
	ProjectSection(SolutionItems) = preProject
		..\libs\.sources = ..\libs\.sources
	EndProjectSection
EndProject
Project("{2150E333-8FDC-42A3-9474-1A3956D46DE8}") = "apps", "apps", "{2503C059-4B4F-457D-9853-FFA845ED7BF2}"
	ProjectSection(SolutionItems) = preProject
		..\apps\.sources = ..\apps\.sources
	EndProjectSection
EndProject
Project("{8BC9CEB8-8B4A-11D0-8D11-00A0C91BC942}") = "libc", "libs\libc.vcxproj", "{A2791917-78D5-45B6-89E4-89AE7D4760D4}"
EndProject
Project("{2150E333-8FDC-42A3-9474-1A3956D46DE8}") = "hybrid", "hybrid", "{17E7DCFD-B8C0-40D3-A9EC-19CD32E968FB}"
	ProjectSection(SolutionItems) = preProject
		..\include\hybrid\__atomic-gasm.h = ..\include\hybrid\__atomic-gasm.h
		..\include\hybrid\__atomic-msvc.h = ..\include\hybrid\__atomic-msvc.h
		..\include\hybrid\__atomic.h = ..\include\hybrid\__atomic.h
		..\include\hybrid\align.h = ..\include\hybrid\align.h
		..\include\hybrid\alloca.h = ..\include\hybrid\alloca.h
		..\include\hybrid\asm.h = ..\include\hybrid\asm.h
		..\include\hybrid\atomic.h = ..\include\hybrid\atomic.h
		..\include\hybrid\bitset.h = ..\include\hybrid\bitset.h
		..\include\hybrid\byteorder.h = ..\include\hybrid\byteorder.h
		..\include\hybrid\byteswap.h = ..\include\hybrid\byteswap.h
		..\include\hybrid\check.h = ..\include\hybrid\check.h
		..\include\hybrid\compiler.h = ..\include\hybrid\compiler.h
		..\include\hybrid\critical.h = ..\include\hybrid\critical.h
		..\include\hybrid\debug.h = ..\include\hybrid\debug.h
		..\include\hybrid\debuginfo.h = ..\include\hybrid\debuginfo.h
		..\include\hybrid\floatcore.h = ..\include\hybrid\floatcore.h
		..\include\hybrid\guid.h = ..\include\hybrid\guid.h
		..\include\hybrid\host.h = ..\include\hybrid\host.h
		..\include\hybrid\kdev_t.h = ..\include\hybrid\kdev_t.h
		..\include\hybrid\limitcore.h = ..\include\hybrid\limitcore.h
		..\include\hybrid\limits.h = ..\include\hybrid\limits.h
		..\include\hybrid\malloc.h = ..\include\hybrid\malloc.h
		..\include\hybrid\minmax.h = ..\include\hybrid\minmax.h
		..\include\hybrid\panic.h = ..\include\hybrid\panic.h
		..\include\hybrid\section.h = ..\include\hybrid\section.h
		..\include\hybrid\string.h = ..\include\hybrid\string.h
		..\include\hybrid\swap.h = ..\include\hybrid\swap.h
		..\include\hybrid\timespec.h = ..\include\hybrid\timespec.h
		..\include\hybrid\timeutil.h = ..\include\hybrid\timeutil.h
		..\include\hybrid\timeval.h = ..\include\hybrid\timeval.h
		..\include\hybrid\traceback.h = ..\include\hybrid\traceback.h
		..\include\hybrid\typecore.h = ..\include\hybrid\typecore.h
		..\include\hybrid\types.h = ..\include\hybrid\types.h
		..\include\hybrid\wordbits.h = ..\include\hybrid\wordbits.h
		..\include\hybrid\xch.h = ..\include\hybrid\xch.h
	EndProjectSection
EndProject
Project("{2150E333-8FDC-42A3-9474-1A3956D46DE8}") = "sync", "sync", "{E01094E8-8C47-4D1B-8A6B-3F6F3D1D2967}"
	ProjectSection(SolutionItems) = preProject
		..\include\hybrid\sync\atomic-owner-rwlock.h = ..\include\hybrid\sync\atomic-owner-rwlock.h
		..\include\hybrid\sync\atomic-rwlock.h = ..\include\hybrid\sync\atomic-rwlock.h
		..\include\hybrid\sync\atomic-rwptr.h = ..\include\hybrid\sync\atomic-rwptr.h
		..\include\hybrid\sync\threadid.h = ..\include\hybrid\sync\threadid.h
	EndProjectSection
EndProject
Project("{2150E333-8FDC-42A3-9474-1A3956D46DE8}") = "sched", "sched", "{5753448F-B845-42C3-85BB-4CD4E90CB3EE}"
	ProjectSection(SolutionItems) = preProject
		..\include\hybrid\sched\crit.h = ..\include\hybrid\sched\crit.h
		..\include\hybrid\sched\yield.h = ..\include\hybrid\sched\yield.h
	EndProjectSection
EndProject
Project("{2150E333-8FDC-42A3-9474-1A3956D46DE8}") = "list", "list", "{FCDDC803-B6DC-4569-8EFE-29B98E2143BD}"
	ProjectSection(SolutionItems) = preProject
		..\include\hybrid\list\atree-abi.h = ..\include\hybrid\list\atree-abi.h
		..\include\hybrid\list\atree.h = ..\include\hybrid\list\atree.h
		..\include\hybrid\list\brtree.h = ..\include\hybrid\list\brtree.h
		..\include\hybrid\list\btree.h = ..\include\hybrid\list\btree.h
		..\include\hybrid\list\list.h = ..\include\hybrid\list\list.h
		..\include\hybrid\list\ring.h = ..\include\hybrid\list\ring.h
	EndProjectSection
EndProject
Project("{2150E333-8FDC-42A3-9474-1A3956D46DE8}") = "arch", "arch", "{216EA1E4-5CAC-420E-8085-F1689E0DD8FF}"
	ProjectSection(SolutionItems) = preProject
		..\include\hybrid\arch\cpu.h = ..\include\hybrid\arch\cpu.h
	EndProjectSection
EndProject
Project("{2150E333-8FDC-42A3-9474-1A3956D46DE8}") = "linux", "linux", "{61261588-8EFF-4B0A-90AE-7AEF2A7DD4DB}"
	ProjectSection(SolutionItems) = preProject
		..\include\linux\fs.h = ..\include\linux\fs.h
		..\include\linux\futex.h = ..\include\linux\futex.h
		..\include\linux\if_arp.h = ..\include\linux\if_arp.h
		..\include\linux\if_ether.h = ..\include\linux\if_ether.h
		..\include\linux\if_fddi.h = ..\include\linux\if_fddi.h
		..\include\linux\ioctl.h = ..\include\linux\ioctl.h
		..\include\linux\limits.h = ..\include\linux\limits.h
		..\include\linux\param.h = ..\include\linux\param.h
		..\include\linux\posix_types.h = ..\include\linux\posix_types.h
		..\include\linux\sysinfo.h = ..\include\linux\sysinfo.h
		..\include\linux\types.h = ..\include\linux\types.h
		..\include\linux\unistd.h = ..\include\linux\unistd.h
	EndProjectSection
EndProject
Project("{2150E333-8FDC-42A3-9474-1A3956D46DE8}") = "kos", "kos", "{AF58F0E7-5058-4D46-B809-727D330670C2}"
	ProjectSection(SolutionItems) = preProject
		..\include\kos\environ.h = ..\include\kos\environ.h
		..\include\kos\fcntl.h = ..\include\kos\fcntl.h
		..\include\kos\keyboard.h = ..\include\kos\keyboard.h
		..\include\kos\ksym.h = ..\include\kos\ksym.h
		..\include\kos\thread.h = ..\include\kos\thread.h
		..\include\kos\vga.h = ..\include\kos\vga.h
		..\include\kos\virtinfo.h = ..\include\kos\virtinfo.h
	EndProjectSection
EndProject
Project("{2150E333-8FDC-42A3-9474-1A3956D46DE8}") = "asm-generic", "asm-generic", "{4ECF509D-E819-4FE3-8323-A7DCF338FCCA}"
	ProjectSection(SolutionItems) = preProject
		..\include\asm-generic\bitsperlong.h = ..\include\asm-generic\bitsperlong.h
		..\include\asm-generic\int-l64.h = ..\include\asm-generic\int-l64.h
		..\include\asm-generic\int-ll64.h = ..\include\asm-generic\int-ll64.h
		..\include\asm-generic\ioctl.h = ..\include\asm-generic\ioctl.h
		..\include\asm-generic\ioctls.h = ..\include\asm-generic\ioctls.h
		..\include\asm-generic\param.h = ..\include\asm-generic\param.h
		..\include\asm-generic\posix_types.h = ..\include\asm-generic\posix_types.h
		..\include\asm-generic\socket.h = ..\include\asm-generic\socket.h
		..\include\asm-generic\sockios.h = ..\include\asm-generic\sockios.h
		..\include\asm-generic\string.h = ..\include\asm-generic\string.h
		..\include\asm-generic\types.h = ..\include\asm-generic\types.h
	EndProjectSection
EndProject
Project("{8BC9CEB8-8B4A-11D0-8D11-00A0C91BC942}") = "init", "apps\init.vcxproj", "{5D2D22BC-574F-4F20-9D1F-7668E3FBE1C3}"
EndProject
Project("{8BC9CEB8-8B4A-11D0-8D11-00A0C91BC942}") = "_start", "libs\_start.vcxproj", "{1AD3ABD0-9CD9-4F22-8411-BE858A89EB47}"
EndProject
Project("{2150E333-8FDC-42A3-9474-1A3956D46DE8}") = "netinet", "netinet", "{B1DE2741-EF85-417A-9A10-3D9777B97DFA}"
	ProjectSection(SolutionItems) = preProject
		..\include\netinet\ether.h = ..\include\netinet\ether.h
		..\include\netinet\icmp6.h = ..\include\netinet\icmp6.h
		..\include\netinet\if_ether.h = ..\include\netinet\if_ether.h
		..\include\netinet\if_fddi.h = ..\include\netinet\if_fddi.h
		..\include\netinet\if_tr.h = ..\include\netinet\if_tr.h
		..\include\netinet\igmp.h = ..\include\netinet\igmp.h
		..\include\netinet\in.h = ..\include\netinet\in.h
		..\include\netinet\in_systm.h = ..\include\netinet\in_systm.h
		..\include\netinet\ip.h = ..\include\netinet\ip.h
		..\include\netinet\ip6.h = ..\include\netinet\ip6.h
		..\include\netinet\ip_icmp.h = ..\include\netinet\ip_icmp.h
		..\include\netinet\tcp.h = ..\include\netinet\tcp.h
		..\include\netinet\udp.h = ..\include\netinet\udp.h
	EndProjectSection
EndProject
Project("{2150E333-8FDC-42A3-9474-1A3956D46DE8}") = "rpc", "rpc", "{9888FCDB-DB6E-4F12-B11E-6DFCDDF68E8C}"
	ProjectSection(SolutionItems) = preProject
		..\include\rpc\netdb.h = ..\include\rpc\netdb.h
	EndProjectSection
EndProject
Project("{2150E333-8FDC-42A3-9474-1A3956D46DE8}") = "arpa", "arpa", "{E05EDBB5-09DA-4CB4-B6C7-D85222B2BE0A}"
	ProjectSection(SolutionItems) = preProject
		..\include\arpa\inet.h = ..\include\arpa\inet.h
	EndProjectSection
EndProject
Project("{2150E333-8FDC-42A3-9474-1A3956D46DE8}") = "net", "net", "{02CDEABE-15CC-4964-A331-C3B661CF57EF}"
	ProjectSection(SolutionItems) = preProject
		..\include\net\if.h = ..\include\net\if.h
	EndProjectSection
EndProject
Project("{8BC9CEB8-8B4A-11D0-8D11-00A0C91BC942}") = "terminal-vga", "apps\terminal-vga.vcxproj", "{66C8320F-9409-4AB3-9B11-94A38E243ACB}"
EndProject
Project("{8BC9CEB8-8B4A-11D0-8D11-00A0C91BC942}") = "elfimg", "apps\elfimg.vcxproj", "{96A4487E-9772-4936-9E6F-AC9E5791FEEC}"
EndProject
Project("{8BC9CEB8-8B4A-11D0-8D11-00A0C91BC942}") = "libdl", "libs\libdl.vcxproj", "{E60C43FC-AA5A-4451-8B2C-5B8CD2A76044}"
EndProject
Project("{8BC9CEB8-8B4A-11D0-8D11-00A0C91BC942}") = "elf2lib", "apps\elf2lib.vcxproj", "{9790111D-8875-451F-858D-16EC89619D82}"
EndProject
Project("{8BC9CEB8-8B4A-11D0-8D11-00A0C91BC942}") = "playground", "apps\playground.vcxproj", "{B93B27CF-4DAC-400F-A6F2-0188749134FD}"
EndProject
Project("{8BC9CEB8-8B4A-11D0-8D11-00A0C91BC942}") = "libpthread", "libs\libpthread.vcxproj", "{F2B1ACE4-7044-492F-A623-9ABDC37CCFCF}"
EndProject
Project("{8BC9CEB8-8B4A-11D0-8D11-00A0C91BC942}") = "dos_userapp", "..\apps\dos_userapp\dos_userapp.vcxproj", "{56225502-7CD8-4090-B4EF-3561F270CA7E}"
EndProject
Project("{2150E333-8FDC-42A3-9474-1A3956D46DE8}") = "dos", "dos", "{C3DF0168-3FCF-4A6F-BB22-BF3F5ECE05A9}"
EndProject
Project("{2150E333-8FDC-42A3-9474-1A3956D46DE8}") = "libc", "libc", "{C7A7D468-3AA5-4DF8-B5D7-F14F23D76C69}"
	ProjectSection(SolutionItems) = preProject
		..\include\libc\format-printer.h = ..\include\libc\format-printer.h
		..\include\libc\string.h = ..\include\libc\string.h
	EndProjectSection
EndProject
Project("{8BC9CEB8-8B4A-11D0-8D11-00A0C91BC942}") = "libkernel32", "libs\libkernel32.vcxproj", "{CB10BC24-64B5-4035-8DB0-423011414723}"
EndProject
Project("{2150E333-8FDC-42A3-9474-1A3956D46DE8}") = "i386-kos", "i386-kos", "{0D640039-A905-4491-9709-DEEC9AAC784E}"
	ProjectSection(SolutionItems) = preProject
		..\include\i386-kos\a.out.h = ..\include\i386-kos\a.out.h
	EndProjectSection
EndProject
Project("{2150E333-8FDC-42A3-9474-1A3956D46DE8}") = "asm", "asm", "{E72D1B89-7AE0-456B-A657-BCEA5D9F2BC0}"
	ProjectSection(SolutionItems) = preProject
		..\include\i386-kos\asm\bitsperlong.h = ..\include\i386-kos\asm\bitsperlong.h
		..\include\i386-kos\asm\cpu-flags.h = ..\include\i386-kos\asm\cpu-flags.h
		..\include\i386-kos\asm\instx.h = ..\include\i386-kos\asm\instx.h
		..\include\i386-kos\asm\ioctl.h = ..\include\i386-kos\asm\ioctl.h
		..\include\i386-kos\asm\ioctls.h = ..\include\i386-kos\asm\ioctls.h
		..\include\i386-kos\asm\param.h = ..\include\i386-kos\asm\param.h
		..\include\i386-kos\asm\posix_types.h = ..\include\i386-kos\asm\posix_types.h
		..\include\i386-kos\asm\posix_types_32.h = ..\include\i386-kos\asm\posix_types_32.h
		..\include\i386-kos\asm\posix_types_64.h = ..\include\i386-kos\asm\posix_types_64.h
		..\include\i386-kos\asm\posix_types_x32.h = ..\include\i386-kos\asm\posix_types_x32.h
		..\include\i386-kos\asm\registers.h = ..\include\i386-kos\asm\registers.h
		..\include\i386-kos\asm\socket.h = ..\include\i386-kos\asm\socket.h
		..\include\i386-kos\asm\sockios.h = ..\include\i386-kos\asm\sockios.h
		..\include\i386-kos\asm\string.h = ..\include\i386-kos\asm\string.h
		..\include\i386-kos\asm\syscallno.ci = ..\include\i386-kos\asm\syscallno.ci
		..\include\i386-kos\asm\types.h = ..\include\i386-kos\asm\types.h
		..\include\i386-kos\asm\unistd.h = ..\include\i386-kos\asm\unistd.h
	EndProjectSection
EndProject
Project("{2150E333-8FDC-42A3-9474-1A3956D46DE8}") = "bits", "bits", "{3EAD7059-08AC-472C-9AB5-432CE93D2545}"
	ProjectSection(SolutionItems) = preProject
		..\include\i386-kos\bits\byteswap.h = ..\include\i386-kos\bits\byteswap.h
		..\include\i386-kos\bits\confname.h = ..\include\i386-kos\bits\confname.h
		..\include\i386-kos\bits\dirent.h = ..\include\i386-kos\bits\dirent.h
		..\include\i386-kos\bits\dlfcn.h = ..\include\i386-kos\bits\dlfcn.h
		..\include\i386-kos\bits\dos-ctype.h = ..\include\i386-kos\bits\dos-ctype.h
		..\include\i386-kos\bits\dos-errno.h = ..\include\i386-kos\bits\dos-errno.h
		..\include\i386-kos\bits\elf-types.h = ..\include\i386-kos\bits\elf-types.h
		..\include\i386-kos\bits\elf.h = ..\include\i386-kos\bits\elf.h
		..\include\i386-kos\bits\endian.h = ..\include\i386-kos\bits\endian.h
		..\include\i386-kos\bits\environments.h = ..\include\i386-kos\bits\environments.h
		..\include\i386-kos\bits\fcntl-linux.h = ..\include\i386-kos\bits\fcntl-linux.h
		..\include\i386-kos\bits\fcntl.h = ..\include\i386-kos\bits\fcntl.h
		..\include\i386-kos\bits\huge_val.h = ..\include\i386-kos\bits\huge_val.h
		..\include\i386-kos\bits\huge_valf.h = ..\include\i386-kos\bits\huge_valf.h
		..\include\i386-kos\bits\huge_vall.h = ..\include\i386-kos\bits\huge_vall.h
		..\include\i386-kos\bits\in.h = ..\include\i386-kos\bits\in.h
		..\include\i386-kos\bits\inf.h = ..\include\i386-kos\bits\inf.h
		..\include\i386-kos\bits\io-file.h = ..\include\i386-kos\bits\io-file.h
		..\include\i386-kos\bits\ioctl-types.h = ..\include\i386-kos\bits\ioctl-types.h
		..\include\i386-kos\bits\ioctls.h = ..\include\i386-kos\bits\ioctls.h
		..\include\i386-kos\bits\ipc.h = ..\include\i386-kos\bits\ipc.h
		..\include\i386-kos\bits\ipctypes.h = ..\include\i386-kos\bits\ipctypes.h
		..\include\i386-kos\bits\libm-simd-decl-stubs.h = ..\include\i386-kos\bits\libm-simd-decl-stubs.h
		..\include\i386-kos\bits\local_lim.h = ..\include\i386-kos\bits\local_lim.h
		..\include\i386-kos\bits\locale.h = ..\include\i386-kos\bits\locale.h
		..\include\i386-kos\bits\math-vector.h = ..\include\i386-kos\bits\math-vector.h
		..\include\i386-kos\bits\mathcalls.h = ..\include\i386-kos\bits\mathcalls.h
		..\include\i386-kos\bits\mathdef.h = ..\include\i386-kos\bits\mathdef.h
		..\include\i386-kos\bits\mbstate.h = ..\include\i386-kos\bits\mbstate.h
		..\include\i386-kos\bits\nan.h = ..\include\i386-kos\bits\nan.h
		..\include\i386-kos\bits\netdb.h = ..\include\i386-kos\bits\netdb.h
		..\include\i386-kos\bits\param.h = ..\include\i386-kos\bits\param.h
		..\include\i386-kos\bits\poll.h = ..\include\i386-kos\bits\poll.h
		..\include\i386-kos\bits\posix1_lim.h = ..\include\i386-kos\bits\posix1_lim.h
		..\include\i386-kos\bits\posix2_lim.h = ..\include\i386-kos\bits\posix2_lim.h
		..\include\i386-kos\bits\posix_opt.h = ..\include\i386-kos\bits\posix_opt.h
		..\include\i386-kos\bits\pthreadtypes.h = ..\include\i386-kos\bits\pthreadtypes.h
		..\include\i386-kos\bits\resource.h = ..\include\i386-kos\bits\resource.h
		..\include\i386-kos\bits\rotate.h = ..\include\i386-kos\bits\rotate.h
		..\include\i386-kos\bits\sched.h = ..\include\i386-kos\bits\sched.h
		..\include\i386-kos\bits\select.h = ..\include\i386-kos\bits\select.h
		..\include\i386-kos\bits\setjmp.h = ..\include\i386-kos\bits\setjmp.h
		..\include\i386-kos\bits\shm.h = ..\include\i386-kos\bits\shm.h
		..\include\i386-kos\bits\sigaction.h = ..\include\i386-kos\bits\sigaction.h
		..\include\i386-kos\bits\sigcontext.h = ..\include\i386-kos\bits\sigcontext.h
		..\include\i386-kos\bits\sigevent.h = ..\include\i386-kos\bits\sigevent.h
		..\include\i386-kos\bits\siginfo.h = ..\include\i386-kos\bits\siginfo.h
		..\include\i386-kos\bits\signalfd.h = ..\include\i386-kos\bits\signalfd.h
		..\include\i386-kos\bits\signum.h = ..\include\i386-kos\bits\signum.h
		..\include\i386-kos\bits\sigset.h = ..\include\i386-kos\bits\sigset.h
		..\include\i386-kos\bits\sigstack.h = ..\include\i386-kos\bits\sigstack.h
		..\include\i386-kos\bits\sigthread.h = ..\include\i386-kos\bits\sigthread.h
		..\include\i386-kos\bits\sockaddr.h = ..\include\i386-kos\bits\sockaddr.h
		..\include\i386-kos\bits\socket.h = ..\include\i386-kos\bits\socket.h
		..\include\i386-kos\bits\socket_type.h = ..\include\i386-kos\bits\socket_type.h
		..\include\i386-kos\bits\stat.h = ..\include\i386-kos\bits\stat.h
		..\include\i386-kos\bits\stdio_lim.h = ..\include\i386-kos\bits\stdio_lim.h
		..\include\i386-kos\bits\syscall.h = ..\include\i386-kos\bits\syscall.h
		..\include\i386-kos\bits\syslog-path.h = ..\include\i386-kos\bits\syslog-path.h
		..\include\i386-kos\bits\termios.h = ..\include\i386-kos\bits\termios.h
		..\include\i386-kos\bits\time.h = ..\include\i386-kos\bits\time.h
		..\include\i386-kos\bits\types.h = ..\include\i386-kos\bits\types.h
		..\include\i386-kos\bits\uio.h = ..\include\i386-kos\bits\uio.h
		..\include\i386-kos\bits\utsname.h = ..\include\i386-kos\bits\utsname.h
		..\include\i386-kos\bits\waitflags.h = ..\include\i386-kos\bits\waitflags.h
		..\include\i386-kos\bits\waitstatus.h = ..\include\i386-kos\bits\waitstatus.h
		..\include\i386-kos\bits\wchar.h = ..\include\i386-kos\bits\wchar.h
		..\include\i386-kos\bits\wctype.h = ..\include\i386-kos\bits\wctype.h
		..\include\i386-kos\bits\wordsize.h = ..\include\i386-kos\bits\wordsize.h
		..\include\i386-kos\bits\xopen_lim.h = ..\include\i386-kos\bits\xopen_lim.h
	EndProjectSection
EndProject
Project("{2150E333-8FDC-42A3-9474-1A3956D46DE8}") = "sys", "sys", "{F7629A83-1039-48AE-A64B-247F52B17877}"
	ProjectSection(SolutionItems) = preProject
		..\include\i386-kos\sys\bitypes.h = ..\include\i386-kos\sys\bitypes.h
		..\include\i386-kos\sys\cdefs.h = ..\include\i386-kos\sys\cdefs.h
		..\include\i386-kos\sys\dir.h = ..\include\i386-kos\sys\dir.h
		..\include\i386-kos\sys\errno.h = ..\include\i386-kos\sys\errno.h
		..\include\i386-kos\sys\fcntl.h = ..\include\i386-kos\sys\fcntl.h
		..\include\i386-kos\sys\io.h = ..\include\i386-kos\sys\io.h
		..\include\i386-kos\sys\ioctl.h = ..\include\i386-kos\sys\ioctl.h
		..\include\i386-kos\sys\ipc.h = ..\include\i386-kos\sys\ipc.h
		..\include\i386-kos\sys\mman.h = ..\include\i386-kos\sys\mman.h
		..\include\i386-kos\sys\mount.h = ..\include\i386-kos\sys\mount.h
		..\include\i386-kos\sys\param.h = ..\include\i386-kos\sys\param.h
		..\include\i386-kos\sys\poll.h = ..\include\i386-kos\sys\poll.h
		..\include\i386-kos\sys\resource.h = ..\include\i386-kos\sys\resource.h
		..\include\i386-kos\sys\select.h = ..\include\i386-kos\sys\select.h
		..\include\i386-kos\sys\shm.h = ..\include\i386-kos\sys\shm.h
		..\include\i386-kos\sys\signal.h = ..\include\i386-kos\sys\signal.h
		..\include\i386-kos\sys\socket.h = ..\include\i386-kos\sys\socket.h
		..\include\i386-kos\sys\socketvar.h = ..\include\i386-kos\sys\socketvar.h
		..\include\i386-kos\sys\stat.h = ..\include\i386-kos\sys\stat.h
		..\include\i386-kos\sys\swap.h = ..\include\i386-kos\sys\swap.h
		..\include\i386-kos\sys\syscall.h = ..\include\i386-kos\sys\syscall.h
		..\include\i386-kos\sys\sysinfo.h = ..\include\i386-kos\sys\sysinfo.h
		..\include\i386-kos\sys\syslog.h = ..\include\i386-kos\sys\syslog.h
		..\include\i386-kos\sys\sysmacros.h = ..\include\i386-kos\sys\sysmacros.h
		..\include\i386-kos\sys\termios.h = ..\include\i386-kos\sys\termios.h
		..\include\i386-kos\sys\time.h = ..\include\i386-kos\sys\time.h
		..\include\i386-kos\sys\timeb.h = ..\include\i386-kos\sys\timeb.h
		..\include\i386-kos\sys\times.h = ..\include\i386-kos\sys\times.h
		..\include\i386-kos\sys\ttydefaults.h = ..\include\i386-kos\sys\ttydefaults.h
		..\include\i386-kos\sys\types.h = ..\include\i386-kos\sys\types.h
		..\include\i386-kos\sys\ucontext.h = ..\include\i386-kos\sys\ucontext.h
		..\include\i386-kos\sys\uio.h = ..\include\i386-kos\sys\uio.h
		..\include\i386-kos\sys\un.h = ..\include\i386-kos\sys\un.h
		..\include\i386-kos\sys\unistd.h = ..\include\i386-kos\sys\unistd.h
		..\include\i386-kos\sys\utime.h = ..\include\i386-kos\sys\utime.h
		..\include\i386-kos\sys\utsname.h = ..\include\i386-kos\sys\utsname.h
		..\include\i386-kos\sys\wait.h = ..\include\i386-kos\sys\wait.h
	EndProjectSection
EndProject
Project("{8BC9CEB8-8B4A-11D0-8D11-00A0C91BC942}") = "shm-demo", "apps\shm-demo.vcxproj", "{F44C03CE-73D3-4CB8-8F19-D2CE1F5D1A8E}"
EndProject
Project("{2150E333-8FDC-42A3-9474-1A3956D46DE8}") = "compiler", "compiler", "{FA72A04B-1E09-4214-88FA-A21B61173886}"
	ProjectSection(SolutionItems) = preProject
		..\include\compiler\c++.h = ..\include\compiler\c++.h
		..\include\compiler\c.h = ..\include\compiler\c.h
		..\include\compiler\gcc.h = ..\include\compiler\gcc.h
		..\include\compiler\generic.h = ..\include\compiler\generic.h
		..\include\compiler\intellisense.h = ..\include\compiler\intellisense.h
		..\include\compiler\msvc.h = ..\include\compiler\msvc.h
	EndProjectSection
EndProject
Project("{2150E333-8FDC-42A3-9474-1A3956D46DE8}") = "arm-kos", "arm-kos", "{985BD14A-CD5A-4A68-B131-A3691BCA62CF}"
EndProject
Project("{2150E333-8FDC-42A3-9474-1A3956D46DE8}") = "asm", "asm", "{0DA22AB6-242E-4446-8DE9-CC22C3752ED2}"
	ProjectSection(SolutionItems) = preProject
		..\include\arm-kos\asm\bitsperlong.h = ..\include\arm-kos\asm\bitsperlong.h
		..\include\arm-kos\asm\ioctl.h = ..\include\arm-kos\asm\ioctl.h
		..\include\arm-kos\asm\ioctls.h = ..\include\arm-kos\asm\ioctls.h
		..\include\arm-kos\asm\param.h = ..\include\arm-kos\asm\param.h
		..\include\arm-kos\asm\posix_types.h = ..\include\arm-kos\asm\posix_types.h
		..\include\arm-kos\asm\registers.h = ..\include\arm-kos\asm\registers.h
		..\include\arm-kos\asm\sigcontext.h = ..\include\arm-kos\asm\sigcontext.h
		..\include\arm-kos\asm\socket.h = ..\include\arm-kos\asm\socket.h
		..\include\arm-kos\asm\sockios.h = ..\include\arm-kos\asm\sockios.h
		..\include\arm-kos\asm\string.h = ..\include\arm-kos\asm\string.h
		..\include\arm-kos\asm\syscallno.ci = ..\include\arm-kos\asm\syscallno.ci
		..\include\arm-kos\asm\types.h = ..\include\arm-kos\asm\types.h
		..\include\arm-kos\asm\unistd.h = ..\include\arm-kos\asm\unistd.h
	EndProjectSection
EndProject
Project("{2150E333-8FDC-42A3-9474-1A3956D46DE8}") = "bits", "bits", "{33C0798A-C58B-4074-9D04-703EE0B9DC7C}"
	ProjectSection(SolutionItems) = preProject
		..\include\arm-kos\bits\byteswap.h = ..\include\arm-kos\bits\byteswap.h
		..\include\arm-kos\bits\confname.h = ..\include\arm-kos\bits\confname.h
		..\include\arm-kos\bits\dirent.h = ..\include\arm-kos\bits\dirent.h
		..\include\arm-kos\bits\dlfcn.h = ..\include\arm-kos\bits\dlfcn.h
		..\include\arm-kos\bits\endian.h = ..\include\arm-kos\bits\endian.h
		..\include\arm-kos\bits\environments.h = ..\include\arm-kos\bits\environments.h
		..\include\arm-kos\bits\fcntl-linux.h = ..\include\arm-kos\bits\fcntl-linux.h
		..\include\arm-kos\bits\fcntl.h = ..\include\arm-kos\bits\fcntl.h
		..\include\arm-kos\bits\in.h = ..\include\arm-kos\bits\in.h
		..\include\arm-kos\bits\io-file.h = ..\include\arm-kos\bits\io-file.h
		..\include\arm-kos\bits\ioctl-types.h = ..\include\arm-kos\bits\ioctl-types.h
		..\include\arm-kos\bits\ioctls.h = ..\include\arm-kos\bits\ioctls.h
		..\include\arm-kos\bits\local_lim.h = ..\include\arm-kos\bits\local_lim.h
		..\include\arm-kos\bits\locale.h = ..\include\arm-kos\bits\locale.h
		..\include\arm-kos\bits\mbstate.h = ..\include\arm-kos\bits\mbstate.h
		..\include\arm-kos\bits\netdb.h = ..\include\arm-kos\bits\netdb.h
		..\include\arm-kos\bits\param.h = ..\include\arm-kos\bits\param.h
		..\include\arm-kos\bits\poll.h = ..\include\arm-kos\bits\poll.h
		..\include\arm-kos\bits\posix1_lim.h = ..\include\arm-kos\bits\posix1_lim.h
		..\include\arm-kos\bits\posix2_lim.h = ..\include\arm-kos\bits\posix2_lim.h
		..\include\arm-kos\bits\posix_opt.h = ..\include\arm-kos\bits\posix_opt.h
		..\include\arm-kos\bits\pthreadtypes.h = ..\include\arm-kos\bits\pthreadtypes.h
		..\include\arm-kos\bits\resource.h = ..\include\arm-kos\bits\resource.h
		..\include\arm-kos\bits\rotate.h = ..\include\arm-kos\bits\rotate.h
		..\include\arm-kos\bits\sched.h = ..\include\arm-kos\bits\sched.h
		..\include\arm-kos\bits\select.h = ..\include\arm-kos\bits\select.h
		..\include\arm-kos\bits\setjmp.h = ..\include\arm-kos\bits\setjmp.h
		..\include\arm-kos\bits\sigcontext.h = ..\include\arm-kos\bits\sigcontext.h
		..\include\arm-kos\bits\sigevent.h = ..\include\arm-kos\bits\sigevent.h
		..\include\arm-kos\bits\siginfo.h = ..\include\arm-kos\bits\siginfo.h
		..\include\arm-kos\bits\signum.h = ..\include\arm-kos\bits\signum.h
		..\include\arm-kos\bits\sigset.h = ..\include\arm-kos\bits\sigset.h
		..\include\arm-kos\bits\sigstack.h = ..\include\arm-kos\bits\sigstack.h
		..\include\arm-kos\bits\sigthread.h = ..\include\arm-kos\bits\sigthread.h
		..\include\arm-kos\bits\sockaddr.h = ..\include\arm-kos\bits\sockaddr.h
		..\include\arm-kos\bits\socket.h = ..\include\arm-kos\bits\socket.h
		..\include\arm-kos\bits\socket_type.h = ..\include\arm-kos\bits\socket_type.h
		..\include\arm-kos\bits\stat.h = ..\include\arm-kos\bits\stat.h
		..\include\arm-kos\bits\stdio_lim.h = ..\include\arm-kos\bits\stdio_lim.h
		..\include\arm-kos\bits\syscall.h = ..\include\arm-kos\bits\syscall.h
		..\include\arm-kos\bits\syslog-path.h = ..\include\arm-kos\bits\syslog-path.h
		..\include\arm-kos\bits\termios.h = ..\include\arm-kos\bits\termios.h
		..\include\arm-kos\bits\time.h = ..\include\arm-kos\bits\time.h
		..\include\arm-kos\bits\types.h = ..\include\arm-kos\bits\types.h
		..\include\arm-kos\bits\uio.h = ..\include\arm-kos\bits\uio.h
		..\include\arm-kos\bits\utsname.h = ..\include\arm-kos\bits\utsname.h
		..\include\arm-kos\bits\waitflags.h = ..\include\arm-kos\bits\waitflags.h
		..\include\arm-kos\bits\waitstatus.h = ..\include\arm-kos\bits\waitstatus.h
		..\include\arm-kos\bits\wchar.h = ..\include\arm-kos\bits\wchar.h
		..\include\arm-kos\bits\wctype.h = ..\include\arm-kos\bits\wctype.h
		..\include\arm-kos\bits\xopen_lim.h = ..\include\arm-kos\bits\xopen_lim.h
	EndProjectSection
EndProject
Project("{2150E333-8FDC-42A3-9474-1A3956D46DE8}") = "bits-generic", "bits-generic", "{344B9E37-4C1D-4F52-B671-C7D7AECDAAF9}"
	ProjectSection(SolutionItems) = preProject
		..\include\bits-generic\byteswap.h = ..\include\bits-generic\byteswap.h
		..\include\bits-generic\dirent.h = ..\include\bits-generic\dirent.h
		..\include\bits-generic\dlfcn.h = ..\include\bits-generic\dlfcn.h
		..\include\bits-generic\fcntl-linux.h = ..\include\bits-generic\fcntl-linux.h
		..\include\bits-generic\in.h = ..\include\bits-generic\in.h
		..\include\bits-generic\io-file.h = ..\include\bits-generic\io-file.h
		..\include\bits-generic\locale.h = ..\include\bits-generic\locale.h
		..\include\bits-generic\mbstate.h = ..\include\bits-generic\mbstate.h
		..\include\bits-generic\netdb.h = ..\include\bits-generic\netdb.h
		..\include\bits-generic\param.h = ..\include\bits-generic\param.h
		..\include\bits-generic\poll.h = ..\include\bits-generic\poll.h
		..\include\bits-generic\posix1_lim.h = ..\include\bits-generic\posix1_lim.h
		..\include\bits-generic\posix2_lim.h = ..\include\bits-generic\posix2_lim.h
		..\include\bits-generic\resource.h = ..\include\bits-generic\resource.h
		..\include\bits-generic\rotate.h = ..\include\bits-generic\rotate.h
		..\include\bits-generic\sched.h = ..\include\bits-generic\sched.h
		..\include\bits-generic\select.h = ..\include\bits-generic\select.h
		..\include\bits-generic\sigaction.h = ..\include\bits-generic\sigaction.h
		..\include\bits-generic\sigset.h = ..\include\bits-generic\sigset.h
		..\include\bits-generic\sigstack.h = ..\include\bits-generic\sigstack.h
		..\include\bits-generic\sigthread.h = ..\include\bits-generic\sigthread.h
		..\include\bits-generic\sockaddr.h = ..\include\bits-generic\sockaddr.h
		..\include\bits-generic\socket.h = ..\include\bits-generic\socket.h
		..\include\bits-generic\socket_type.h = ..\include\bits-generic\socket_type.h
		..\include\bits-generic\stat.h = ..\include\bits-generic\stat.h
		..\include\bits-generic\stdio_lim.h = ..\include\bits-generic\stdio_lim.h
		..\include\bits-generic\time.h = ..\include\bits-generic\time.h
		..\include\bits-generic\types.h = ..\include\bits-generic\types.h
		..\include\bits-generic\uio.h = ..\include\bits-generic\uio.h
		..\include\bits-generic\utsname.h = ..\include\bits-generic\utsname.h
		..\include\bits-generic\waitflags.h = ..\include\bits-generic\waitflags.h
		..\include\bits-generic\waitstatus.h = ..\include\bits-generic\waitstatus.h
		..\include\bits-generic\wchar.h = ..\include\bits-generic\wchar.h
		..\include\bits-generic\wctype.h = ..\include\bits-generic\wctype.h
		..\include\bits-generic\xopen_lim.h = ..\include\bits-generic\xopen_lim.h
	EndProjectSection
EndProject
Project("{2150E333-8FDC-42A3-9474-1A3956D46DE8}") = "sys-generic", "sys-generic", "{4D48A6D4-6FE3-40B7-99ED-31BF0A41FA66}"
	ProjectSection(SolutionItems) = preProject
		..\include\sys-generic\io.h = ..\include\sys-generic\io.h
		..\include\sys-generic\ioctl.h = ..\include\sys-generic\ioctl.h
		..\include\sys-generic\mman.h = ..\include\sys-generic\mman.h
		..\include\sys-generic\mount.h = ..\include\sys-generic\mount.h
		..\include\sys-generic\param.h = ..\include\sys-generic\param.h
		..\include\sys-generic\poll.h = ..\include\sys-generic\poll.h
		..\include\sys-generic\resource.h = ..\include\sys-generic\resource.h
		..\include\sys-generic\select.h = ..\include\sys-generic\select.h
		..\include\sys-generic\socket.h = ..\include\sys-generic\socket.h
		..\include\sys-generic\stat.h = ..\include\sys-generic\stat.h
		..\include\sys-generic\sysinfo.h = ..\include\sys-generic\sysinfo.h
		..\include\sys-generic\syslog.h = ..\include\sys-generic\syslog.h
		..\include\sys-generic\sysmacros.h = ..\include\sys-generic\sysmacros.h
		..\include\sys-generic\time.h = ..\include\sys-generic\time.h
		..\include\sys-generic\timeb.h = ..\include\sys-generic\timeb.h
		..\include\sys-generic\times.h = ..\include\sys-generic\times.h
		..\include\sys-generic\types.h = ..\include\sys-generic\types.h
		..\include\sys-generic\uio.h = ..\include\sys-generic\uio.h
		..\include\sys-generic\utsname.h = ..\include\sys-generic\utsname.h
		..\include\sys-generic\wait.h = ..\include\sys-generic\wait.h
	EndProjectSection
EndProject
Project("{2150E333-8FDC-42A3-9474-1A3956D46DE8}") = "sys", "sys", "{BF3163DE-5364-401E-9939-60D4D1FC0A1B}"
	ProjectSection(SolutionItems) = preProject
		..\include\arm-kos\sys\io.h = ..\include\arm-kos\sys\io.h
		..\include\arm-kos\sys\ioctl.h = ..\include\arm-kos\sys\ioctl.h
		..\include\arm-kos\sys\mman.h = ..\include\arm-kos\sys\mman.h
		..\include\arm-kos\sys\mount.h = ..\include\arm-kos\sys\mount.h
		..\include\arm-kos\sys\param.h = ..\include\arm-kos\sys\param.h
		..\include\arm-kos\sys\poll.h = ..\include\arm-kos\sys\poll.h
		..\include\arm-kos\sys\resource.h = ..\include\arm-kos\sys\resource.h
		..\include\arm-kos\sys\select.h = ..\include\arm-kos\sys\select.h
		..\include\arm-kos\sys\socket.h = ..\include\arm-kos\sys\socket.h
		..\include\arm-kos\sys\stat.h = ..\include\arm-kos\sys\stat.h
		..\include\arm-kos\sys\syscall.h = ..\include\arm-kos\sys\syscall.h
		..\include\arm-kos\sys\sysinfo.h = ..\include\arm-kos\sys\sysinfo.h
		..\include\arm-kos\sys\syslog.h = ..\include\arm-kos\sys\syslog.h
		..\include\arm-kos\sys\sysmacros.h = ..\include\arm-kos\sys\sysmacros.h
		..\include\arm-kos\sys\time.h = ..\include\arm-kos\sys\time.h
		..\include\arm-kos\sys\timeb.h = ..\include\arm-kos\sys\timeb.h
		..\include\arm-kos\sys\times.h = ..\include\arm-kos\sys\times.h
		..\include\arm-kos\sys\ttydefaults.h = ..\include\arm-kos\sys\ttydefaults.h
		..\include\arm-kos\sys\types.h = ..\include\arm-kos\sys\types.h
		..\include\arm-kos\sys\ucontext.h = ..\include\arm-kos\sys\ucontext.h
		..\include\arm-kos\sys\uio.h = ..\include\arm-kos\sys\uio.h
		..\include\arm-kos\sys\utsname.h = ..\include\arm-kos\sys\utsname.h
		..\include\arm-kos\sys\wait.h = ..\include\arm-kos\sys\wait.h
	EndProjectSection
EndProject
Project("{2150E333-8FDC-42A3-9474-1A3956D46DE8}") = "i386-kos", "i386-kos", "{54AEB147-2E78-47CF-8CD7-7948780A5D58}"
	ProjectSection(SolutionItems) = preProject
		..\include\kos\i386-kos\thread.h = ..\include\kos\i386-kos\thread.h
	EndProjectSection
EndProject
Global
	GlobalSection(SolutionConfigurationPlatforms) = preSolution
		Debug|arm = Debug|arm
		Debug|i386 = Debug|i386
		Debug|x86_64 = Debug|x86_64
		Release|arm = Release|arm
		Release|i386 = Release|i386
		Release|x86_64 = Release|x86_64
	EndGlobalSection
	GlobalSection(ProjectConfigurationPlatforms) = postSolution
		{86D226C5-EF62-4562-AC06-E6A753DFA7CF}.Debug|arm.ActiveCfg = Debug|ARM
		{86D226C5-EF62-4562-AC06-E6A753DFA7CF}.Debug|arm.Build.0 = Debug|ARM
		{86D226C5-EF62-4562-AC06-E6A753DFA7CF}.Debug|i386.ActiveCfg = Debug|Win32
		{86D226C5-EF62-4562-AC06-E6A753DFA7CF}.Debug|i386.Build.0 = Debug|Win32
		{86D226C5-EF62-4562-AC06-E6A753DFA7CF}.Debug|x86_64.ActiveCfg = Debug|x64
		{86D226C5-EF62-4562-AC06-E6A753DFA7CF}.Debug|x86_64.Build.0 = Debug|x64
		{86D226C5-EF62-4562-AC06-E6A753DFA7CF}.Release|arm.ActiveCfg = Release|ARM
		{86D226C5-EF62-4562-AC06-E6A753DFA7CF}.Release|arm.Build.0 = Release|ARM
		{86D226C5-EF62-4562-AC06-E6A753DFA7CF}.Release|i386.ActiveCfg = Release|Win32
		{86D226C5-EF62-4562-AC06-E6A753DFA7CF}.Release|i386.Build.0 = Release|Win32
		{86D226C5-EF62-4562-AC06-E6A753DFA7CF}.Release|x86_64.ActiveCfg = Release|x64
		{86D226C5-EF62-4562-AC06-E6A753DFA7CF}.Release|x86_64.Build.0 = Release|x64
		{A2791917-78D5-45B6-89E4-89AE7D4760D4}.Debug|arm.ActiveCfg = Debug|ARM
		{A2791917-78D5-45B6-89E4-89AE7D4760D4}.Debug|arm.Build.0 = Debug|ARM
		{A2791917-78D5-45B6-89E4-89AE7D4760D4}.Debug|i386.ActiveCfg = Debug|Win32
		{A2791917-78D5-45B6-89E4-89AE7D4760D4}.Debug|i386.Build.0 = Debug|Win32
		{A2791917-78D5-45B6-89E4-89AE7D4760D4}.Debug|x86_64.ActiveCfg = Debug|x64
		{A2791917-78D5-45B6-89E4-89AE7D4760D4}.Debug|x86_64.Build.0 = Debug|x64
		{A2791917-78D5-45B6-89E4-89AE7D4760D4}.Release|arm.ActiveCfg = Release|ARM
		{A2791917-78D5-45B6-89E4-89AE7D4760D4}.Release|arm.Build.0 = Release|ARM
		{A2791917-78D5-45B6-89E4-89AE7D4760D4}.Release|i386.ActiveCfg = Release|Win32
		{A2791917-78D5-45B6-89E4-89AE7D4760D4}.Release|i386.Build.0 = Release|Win32
		{A2791917-78D5-45B6-89E4-89AE7D4760D4}.Release|x86_64.ActiveCfg = Release|x64
		{A2791917-78D5-45B6-89E4-89AE7D4760D4}.Release|x86_64.Build.0 = Release|x64
		{5D2D22BC-574F-4F20-9D1F-7668E3FBE1C3}.Debug|arm.ActiveCfg = Debug|ARM
		{5D2D22BC-574F-4F20-9D1F-7668E3FBE1C3}.Debug|arm.Build.0 = Debug|ARM
		{5D2D22BC-574F-4F20-9D1F-7668E3FBE1C3}.Debug|i386.ActiveCfg = Debug|Win32
		{5D2D22BC-574F-4F20-9D1F-7668E3FBE1C3}.Debug|i386.Build.0 = Debug|Win32
		{5D2D22BC-574F-4F20-9D1F-7668E3FBE1C3}.Debug|x86_64.ActiveCfg = Debug|x64
		{5D2D22BC-574F-4F20-9D1F-7668E3FBE1C3}.Debug|x86_64.Build.0 = Debug|x64
		{5D2D22BC-574F-4F20-9D1F-7668E3FBE1C3}.Release|arm.ActiveCfg = Release|ARM
		{5D2D22BC-574F-4F20-9D1F-7668E3FBE1C3}.Release|arm.Build.0 = Release|ARM
		{5D2D22BC-574F-4F20-9D1F-7668E3FBE1C3}.Release|i386.ActiveCfg = Release|Win32
		{5D2D22BC-574F-4F20-9D1F-7668E3FBE1C3}.Release|i386.Build.0 = Release|Win32
		{5D2D22BC-574F-4F20-9D1F-7668E3FBE1C3}.Release|x86_64.ActiveCfg = Release|x64
		{5D2D22BC-574F-4F20-9D1F-7668E3FBE1C3}.Release|x86_64.Build.0 = Release|x64
		{1AD3ABD0-9CD9-4F22-8411-BE858A89EB47}.Debug|arm.ActiveCfg = Debug|ARM
		{1AD3ABD0-9CD9-4F22-8411-BE858A89EB47}.Debug|arm.Build.0 = Debug|ARM
		{1AD3ABD0-9CD9-4F22-8411-BE858A89EB47}.Debug|i386.ActiveCfg = Debug|Win32
		{1AD3ABD0-9CD9-4F22-8411-BE858A89EB47}.Debug|i386.Build.0 = Debug|Win32
		{1AD3ABD0-9CD9-4F22-8411-BE858A89EB47}.Debug|x86_64.ActiveCfg = Debug|x64
		{1AD3ABD0-9CD9-4F22-8411-BE858A89EB47}.Debug|x86_64.Build.0 = Debug|x64
		{1AD3ABD0-9CD9-4F22-8411-BE858A89EB47}.Release|arm.ActiveCfg = Release|ARM
		{1AD3ABD0-9CD9-4F22-8411-BE858A89EB47}.Release|arm.Build.0 = Release|ARM
		{1AD3ABD0-9CD9-4F22-8411-BE858A89EB47}.Release|i386.ActiveCfg = Release|Win32
		{1AD3ABD0-9CD9-4F22-8411-BE858A89EB47}.Release|i386.Build.0 = Release|Win32
		{1AD3ABD0-9CD9-4F22-8411-BE858A89EB47}.Release|x86_64.ActiveCfg = Release|x64
		{1AD3ABD0-9CD9-4F22-8411-BE858A89EB47}.Release|x86_64.Build.0 = Release|x64
		{66C8320F-9409-4AB3-9B11-94A38E243ACB}.Debug|arm.ActiveCfg = Debug|ARM
		{66C8320F-9409-4AB3-9B11-94A38E243ACB}.Debug|arm.Build.0 = Debug|ARM
		{66C8320F-9409-4AB3-9B11-94A38E243ACB}.Debug|i386.ActiveCfg = Debug|Win32
		{66C8320F-9409-4AB3-9B11-94A38E243ACB}.Debug|i386.Build.0 = Debug|Win32
		{66C8320F-9409-4AB3-9B11-94A38E243ACB}.Debug|x86_64.ActiveCfg = Debug|x64
		{66C8320F-9409-4AB3-9B11-94A38E243ACB}.Debug|x86_64.Build.0 = Debug|x64
		{66C8320F-9409-4AB3-9B11-94A38E243ACB}.Release|arm.ActiveCfg = Release|ARM
		{66C8320F-9409-4AB3-9B11-94A38E243ACB}.Release|arm.Build.0 = Release|ARM
		{66C8320F-9409-4AB3-9B11-94A38E243ACB}.Release|i386.ActiveCfg = Release|Win32
		{66C8320F-9409-4AB3-9B11-94A38E243ACB}.Release|i386.Build.0 = Release|Win32
		{66C8320F-9409-4AB3-9B11-94A38E243ACB}.Release|x86_64.ActiveCfg = Release|x64
		{66C8320F-9409-4AB3-9B11-94A38E243ACB}.Release|x86_64.Build.0 = Release|x64
		{96A4487E-9772-4936-9E6F-AC9E5791FEEC}.Debug|arm.ActiveCfg = Debug|ARM
		{96A4487E-9772-4936-9E6F-AC9E5791FEEC}.Debug|arm.Build.0 = Debug|ARM
		{96A4487E-9772-4936-9E6F-AC9E5791FEEC}.Debug|i386.ActiveCfg = Debug|Win32
		{96A4487E-9772-4936-9E6F-AC9E5791FEEC}.Debug|i386.Build.0 = Debug|Win32
		{96A4487E-9772-4936-9E6F-AC9E5791FEEC}.Debug|x86_64.ActiveCfg = Debug|x64
		{96A4487E-9772-4936-9E6F-AC9E5791FEEC}.Debug|x86_64.Build.0 = Debug|x64
		{96A4487E-9772-4936-9E6F-AC9E5791FEEC}.Release|arm.ActiveCfg = Release|ARM
		{96A4487E-9772-4936-9E6F-AC9E5791FEEC}.Release|arm.Build.0 = Release|ARM
		{96A4487E-9772-4936-9E6F-AC9E5791FEEC}.Release|i386.ActiveCfg = Release|Win32
		{96A4487E-9772-4936-9E6F-AC9E5791FEEC}.Release|i386.Build.0 = Release|Win32
		{96A4487E-9772-4936-9E6F-AC9E5791FEEC}.Release|x86_64.ActiveCfg = Release|x64
		{96A4487E-9772-4936-9E6F-AC9E5791FEEC}.Release|x86_64.Build.0 = Release|x64
		{E60C43FC-AA5A-4451-8B2C-5B8CD2A76044}.Debug|arm.ActiveCfg = Debug|ARM
		{E60C43FC-AA5A-4451-8B2C-5B8CD2A76044}.Debug|arm.Build.0 = Debug|ARM
		{E60C43FC-AA5A-4451-8B2C-5B8CD2A76044}.Debug|i386.ActiveCfg = Debug|Win32
		{E60C43FC-AA5A-4451-8B2C-5B8CD2A76044}.Debug|i386.Build.0 = Debug|Win32
		{E60C43FC-AA5A-4451-8B2C-5B8CD2A76044}.Debug|x86_64.ActiveCfg = Debug|x64
		{E60C43FC-AA5A-4451-8B2C-5B8CD2A76044}.Debug|x86_64.Build.0 = Debug|x64
		{E60C43FC-AA5A-4451-8B2C-5B8CD2A76044}.Release|arm.ActiveCfg = Release|ARM
		{E60C43FC-AA5A-4451-8B2C-5B8CD2A76044}.Release|arm.Build.0 = Release|ARM
		{E60C43FC-AA5A-4451-8B2C-5B8CD2A76044}.Release|i386.ActiveCfg = Release|Win32
		{E60C43FC-AA5A-4451-8B2C-5B8CD2A76044}.Release|i386.Build.0 = Release|Win32
		{E60C43FC-AA5A-4451-8B2C-5B8CD2A76044}.Release|x86_64.ActiveCfg = Release|x64
		{E60C43FC-AA5A-4451-8B2C-5B8CD2A76044}.Release|x86_64.Build.0 = Release|x64
		{9790111D-8875-451F-858D-16EC89619D82}.Debug|arm.ActiveCfg = Debug|ARM
		{9790111D-8875-451F-858D-16EC89619D82}.Debug|arm.Build.0 = Debug|ARM
		{9790111D-8875-451F-858D-16EC89619D82}.Debug|i386.ActiveCfg = Debug|Win32
		{9790111D-8875-451F-858D-16EC89619D82}.Debug|i386.Build.0 = Debug|Win32
		{9790111D-8875-451F-858D-16EC89619D82}.Debug|x86_64.ActiveCfg = Debug|x64
		{9790111D-8875-451F-858D-16EC89619D82}.Debug|x86_64.Build.0 = Debug|x64
		{9790111D-8875-451F-858D-16EC89619D82}.Release|arm.ActiveCfg = Release|ARM
		{9790111D-8875-451F-858D-16EC89619D82}.Release|arm.Build.0 = Release|ARM
		{9790111D-8875-451F-858D-16EC89619D82}.Release|i386.ActiveCfg = Release|Win32
		{9790111D-8875-451F-858D-16EC89619D82}.Release|i386.Build.0 = Release|Win32
		{9790111D-8875-451F-858D-16EC89619D82}.Release|x86_64.ActiveCfg = Release|x64
		{9790111D-8875-451F-858D-16EC89619D82}.Release|x86_64.Build.0 = Release|x64
		{B93B27CF-4DAC-400F-A6F2-0188749134FD}.Debug|arm.ActiveCfg = Debug|ARM
		{B93B27CF-4DAC-400F-A6F2-0188749134FD}.Debug|arm.Build.0 = Debug|ARM
		{B93B27CF-4DAC-400F-A6F2-0188749134FD}.Debug|i386.ActiveCfg = Debug|Win32
		{B93B27CF-4DAC-400F-A6F2-0188749134FD}.Debug|i386.Build.0 = Debug|Win32
		{B93B27CF-4DAC-400F-A6F2-0188749134FD}.Debug|x86_64.ActiveCfg = Debug|x64
		{B93B27CF-4DAC-400F-A6F2-0188749134FD}.Debug|x86_64.Build.0 = Debug|x64
		{B93B27CF-4DAC-400F-A6F2-0188749134FD}.Release|arm.ActiveCfg = Release|ARM
		{B93B27CF-4DAC-400F-A6F2-0188749134FD}.Release|arm.Build.0 = Release|ARM
		{B93B27CF-4DAC-400F-A6F2-0188749134FD}.Release|i386.ActiveCfg = Release|Win32
		{B93B27CF-4DAC-400F-A6F2-0188749134FD}.Release|i386.Build.0 = Release|Win32
		{B93B27CF-4DAC-400F-A6F2-0188749134FD}.Release|x86_64.ActiveCfg = Release|x64
		{B93B27CF-4DAC-400F-A6F2-0188749134FD}.Release|x86_64.Build.0 = Release|x64
		{F2B1ACE4-7044-492F-A623-9ABDC37CCFCF}.Debug|arm.ActiveCfg = Debug|ARM
		{F2B1ACE4-7044-492F-A623-9ABDC37CCFCF}.Debug|arm.Build.0 = Debug|ARM
		{F2B1ACE4-7044-492F-A623-9ABDC37CCFCF}.Debug|i386.ActiveCfg = Debug|Win32
		{F2B1ACE4-7044-492F-A623-9ABDC37CCFCF}.Debug|i386.Build.0 = Debug|Win32
		{F2B1ACE4-7044-492F-A623-9ABDC37CCFCF}.Debug|x86_64.ActiveCfg = Debug|x64
		{F2B1ACE4-7044-492F-A623-9ABDC37CCFCF}.Debug|x86_64.Build.0 = Debug|x64
		{F2B1ACE4-7044-492F-A623-9ABDC37CCFCF}.Release|arm.ActiveCfg = Release|ARM
		{F2B1ACE4-7044-492F-A623-9ABDC37CCFCF}.Release|arm.Build.0 = Release|ARM
		{F2B1ACE4-7044-492F-A623-9ABDC37CCFCF}.Release|i386.ActiveCfg = Release|Win32
		{F2B1ACE4-7044-492F-A623-9ABDC37CCFCF}.Release|i386.Build.0 = Release|Win32
		{F2B1ACE4-7044-492F-A623-9ABDC37CCFCF}.Release|x86_64.ActiveCfg = Release|x64
		{F2B1ACE4-7044-492F-A623-9ABDC37CCFCF}.Release|x86_64.Build.0 = Release|x64
		{56225502-7CD8-4090-B4EF-3561F270CA7E}.Debug|arm.ActiveCfg = Debug|ARM
		{56225502-7CD8-4090-B4EF-3561F270CA7E}.Debug|i386.ActiveCfg = Debug|Win32
		{56225502-7CD8-4090-B4EF-3561F270CA7E}.Debug|i386.Build.0 = Debug|Win32
		{56225502-7CD8-4090-B4EF-3561F270CA7E}.Debug|x86_64.ActiveCfg = Debug|x64
		{56225502-7CD8-4090-B4EF-3561F270CA7E}.Debug|x86_64.Build.0 = Debug|x64
		{56225502-7CD8-4090-B4EF-3561F270CA7E}.Release|arm.ActiveCfg = Release|ARM
		{56225502-7CD8-4090-B4EF-3561F270CA7E}.Release|arm.Build.0 = Release|ARM
		{56225502-7CD8-4090-B4EF-3561F270CA7E}.Release|i386.ActiveCfg = Release|Win32
		{56225502-7CD8-4090-B4EF-3561F270CA7E}.Release|i386.Build.0 = Release|Win32
		{56225502-7CD8-4090-B4EF-3561F270CA7E}.Release|x86_64.ActiveCfg = Release|x64
		{56225502-7CD8-4090-B4EF-3561F270CA7E}.Release|x86_64.Build.0 = Release|x64
		{CB10BC24-64B5-4035-8DB0-423011414723}.Debug|arm.ActiveCfg = Debug|ARM
		{CB10BC24-64B5-4035-8DB0-423011414723}.Debug|arm.Build.0 = Debug|ARM
		{CB10BC24-64B5-4035-8DB0-423011414723}.Debug|i386.ActiveCfg = Debug|Win32
		{CB10BC24-64B5-4035-8DB0-423011414723}.Debug|i386.Build.0 = Debug|Win32
		{CB10BC24-64B5-4035-8DB0-423011414723}.Debug|x86_64.ActiveCfg = Debug|x64
		{CB10BC24-64B5-4035-8DB0-423011414723}.Debug|x86_64.Build.0 = Debug|x64
		{CB10BC24-64B5-4035-8DB0-423011414723}.Release|arm.ActiveCfg = Release|ARM
		{CB10BC24-64B5-4035-8DB0-423011414723}.Release|arm.Build.0 = Release|ARM
		{CB10BC24-64B5-4035-8DB0-423011414723}.Release|i386.ActiveCfg = Release|Win32
		{CB10BC24-64B5-4035-8DB0-423011414723}.Release|i386.Build.0 = Release|Win32
		{CB10BC24-64B5-4035-8DB0-423011414723}.Release|x86_64.ActiveCfg = Release|x64
		{CB10BC24-64B5-4035-8DB0-423011414723}.Release|x86_64.Build.0 = Release|x64
		{F44C03CE-73D3-4CB8-8F19-D2CE1F5D1A8E}.Debug|arm.ActiveCfg = Debug|ARM
		{F44C03CE-73D3-4CB8-8F19-D2CE1F5D1A8E}.Debug|arm.Build.0 = Debug|ARM
		{F44C03CE-73D3-4CB8-8F19-D2CE1F5D1A8E}.Debug|i386.ActiveCfg = Debug|Win32
		{F44C03CE-73D3-4CB8-8F19-D2CE1F5D1A8E}.Debug|i386.Build.0 = Debug|Win32
		{F44C03CE-73D3-4CB8-8F19-D2CE1F5D1A8E}.Debug|x86_64.ActiveCfg = Debug|x64
		{F44C03CE-73D3-4CB8-8F19-D2CE1F5D1A8E}.Debug|x86_64.Build.0 = Debug|x64
		{F44C03CE-73D3-4CB8-8F19-D2CE1F5D1A8E}.Release|arm.ActiveCfg = Release|ARM
		{F44C03CE-73D3-4CB8-8F19-D2CE1F5D1A8E}.Release|arm.Build.0 = Release|ARM
		{F44C03CE-73D3-4CB8-8F19-D2CE1F5D1A8E}.Release|i386.ActiveCfg = Release|Win32
		{F44C03CE-73D3-4CB8-8F19-D2CE1F5D1A8E}.Release|i386.Build.0 = Release|Win32
		{F44C03CE-73D3-4CB8-8F19-D2CE1F5D1A8E}.Release|x86_64.ActiveCfg = Release|x64
		{F44C03CE-73D3-4CB8-8F19-D2CE1F5D1A8E}.Release|x86_64.Build.0 = Release|x64
	EndGlobalSection
	GlobalSection(SolutionProperties) = preSolution
		HideSolutionNode = FALSE
	EndGlobalSection
	GlobalSection(NestedProjects) = preSolution
		{A2791917-78D5-45B6-89E4-89AE7D4760D4} = {8C9AB07B-15FA-46B5-B7CC-364910789270}
		{17E7DCFD-B8C0-40D3-A9EC-19CD32E968FB} = {EA6EEC02-606F-4004-8FB6-DBFA474B9157}
		{E01094E8-8C47-4D1B-8A6B-3F6F3D1D2967} = {17E7DCFD-B8C0-40D3-A9EC-19CD32E968FB}
		{5753448F-B845-42C3-85BB-4CD4E90CB3EE} = {17E7DCFD-B8C0-40D3-A9EC-19CD32E968FB}
		{FCDDC803-B6DC-4569-8EFE-29B98E2143BD} = {17E7DCFD-B8C0-40D3-A9EC-19CD32E968FB}
		{216EA1E4-5CAC-420E-8085-F1689E0DD8FF} = {17E7DCFD-B8C0-40D3-A9EC-19CD32E968FB}
		{61261588-8EFF-4B0A-90AE-7AEF2A7DD4DB} = {EA6EEC02-606F-4004-8FB6-DBFA474B9157}
		{AF58F0E7-5058-4D46-B809-727D330670C2} = {EA6EEC02-606F-4004-8FB6-DBFA474B9157}
		{4ECF509D-E819-4FE3-8323-A7DCF338FCCA} = {EA6EEC02-606F-4004-8FB6-DBFA474B9157}
		{5D2D22BC-574F-4F20-9D1F-7668E3FBE1C3} = {2503C059-4B4F-457D-9853-FFA845ED7BF2}
		{1AD3ABD0-9CD9-4F22-8411-BE858A89EB47} = {8C9AB07B-15FA-46B5-B7CC-364910789270}
		{B1DE2741-EF85-417A-9A10-3D9777B97DFA} = {EA6EEC02-606F-4004-8FB6-DBFA474B9157}
		{9888FCDB-DB6E-4F12-B11E-6DFCDDF68E8C} = {EA6EEC02-606F-4004-8FB6-DBFA474B9157}
		{E05EDBB5-09DA-4CB4-B6C7-D85222B2BE0A} = {EA6EEC02-606F-4004-8FB6-DBFA474B9157}
		{02CDEABE-15CC-4964-A331-C3B661CF57EF} = {EA6EEC02-606F-4004-8FB6-DBFA474B9157}
		{66C8320F-9409-4AB3-9B11-94A38E243ACB} = {2503C059-4B4F-457D-9853-FFA845ED7BF2}
		{96A4487E-9772-4936-9E6F-AC9E5791FEEC} = {2503C059-4B4F-457D-9853-FFA845ED7BF2}
		{E60C43FC-AA5A-4451-8B2C-5B8CD2A76044} = {8C9AB07B-15FA-46B5-B7CC-364910789270}
		{9790111D-8875-451F-858D-16EC89619D82} = {2503C059-4B4F-457D-9853-FFA845ED7BF2}
		{B93B27CF-4DAC-400F-A6F2-0188749134FD} = {2503C059-4B4F-457D-9853-FFA845ED7BF2}
		{F2B1ACE4-7044-492F-A623-9ABDC37CCFCF} = {8C9AB07B-15FA-46B5-B7CC-364910789270}
		{56225502-7CD8-4090-B4EF-3561F270CA7E} = {C3DF0168-3FCF-4A6F-BB22-BF3F5ECE05A9}
		{C3DF0168-3FCF-4A6F-BB22-BF3F5ECE05A9} = {2503C059-4B4F-457D-9853-FFA845ED7BF2}
		{C7A7D468-3AA5-4DF8-B5D7-F14F23D76C69} = {EA6EEC02-606F-4004-8FB6-DBFA474B9157}
		{CB10BC24-64B5-4035-8DB0-423011414723} = {8C9AB07B-15FA-46B5-B7CC-364910789270}
		{0D640039-A905-4491-9709-DEEC9AAC784E} = {EA6EEC02-606F-4004-8FB6-DBFA474B9157}
		{E72D1B89-7AE0-456B-A657-BCEA5D9F2BC0} = {0D640039-A905-4491-9709-DEEC9AAC784E}
		{3EAD7059-08AC-472C-9AB5-432CE93D2545} = {0D640039-A905-4491-9709-DEEC9AAC784E}
		{F7629A83-1039-48AE-A64B-247F52B17877} = {0D640039-A905-4491-9709-DEEC9AAC784E}
		{F44C03CE-73D3-4CB8-8F19-D2CE1F5D1A8E} = {2503C059-4B4F-457D-9853-FFA845ED7BF2}
		{FA72A04B-1E09-4214-88FA-A21B61173886} = {EA6EEC02-606F-4004-8FB6-DBFA474B9157}
		{985BD14A-CD5A-4A68-B131-A3691BCA62CF} = {EA6EEC02-606F-4004-8FB6-DBFA474B9157}
		{0DA22AB6-242E-4446-8DE9-CC22C3752ED2} = {985BD14A-CD5A-4A68-B131-A3691BCA62CF}
		{33C0798A-C58B-4074-9D04-703EE0B9DC7C} = {985BD14A-CD5A-4A68-B131-A3691BCA62CF}
		{344B9E37-4C1D-4F52-B671-C7D7AECDAAF9} = {EA6EEC02-606F-4004-8FB6-DBFA474B9157}
		{4D48A6D4-6FE3-40B7-99ED-31BF0A41FA66} = {EA6EEC02-606F-4004-8FB6-DBFA474B9157}
		{BF3163DE-5364-401E-9939-60D4D1FC0A1B} = {985BD14A-CD5A-4A68-B131-A3691BCA62CF}
		{54AEB147-2E78-47CF-8CD7-7948780A5D58} = {AF58F0E7-5058-4D46-B809-727D330670C2}
	EndGlobalSection
EndGlobal
